
Microsoft Visual Studio Solution File, Format Version 12.00
# Visual Studio 15
VisualStudioVersion = 15.0.28307.168
MinimumVisualStudioVersion = 10.0.40219.1
Project("{9A19103F-16F7-4668-BE54-9A1E7A4F7556}") = "dayXX", "dayXX\dayXX.csproj", "{06C88D3A-6795-4E88-AEC0-0D0A02BCE16B}"
EndProject
Project("{FAE04EC0-301F-11D3-BF4B-00C04F79EFBC}") = "day01", "day01\day01.csproj", "{92C06281-A17F-4E38-B7AE-CF5CADDDAF60}"
EndProject
Project("{FAE04EC0-301F-11D3-BF4B-00C04F79EFBC}") = "day02", "day02\day02.csproj", "{DA0A122B-D81B-4D25-8733-77832FCB35C1}"
EndProject
Project("{FAE04EC0-301F-11D3-BF4B-00C04F79EFBC}") = "day03", "day03\day03.csproj", "{9BDF091E-90CE-4A6F-9770-948456AFB504}"
EndProject
Project("{FAE04EC0-301F-11D3-BF4B-00C04F79EFBC}") = "day04", "day04\day04.csproj", "{2EB5AF67-965F-47BD-A3D9-430718DF3591}"
EndProject
Project("{FAE04EC0-301F-11D3-BF4B-00C04F79EFBC}") = "day05", "day05\day05.csproj", "{5CB1BB77-6C89-40E6-8FB8-53DACAF751AE}"
EndProject
Project("{FAE04EC0-301F-11D3-BF4B-00C04F79EFBC}") = "day06", "day06\day06.csproj", "{8E554D08-E2DD-4471-947F-36EC47EBEA9E}"
EndProject
Project("{FAE04EC0-301F-11D3-BF4B-00C04F79EFBC}") = "day07", "day07\day07.csproj", "{E1759FBD-BB67-402E-9F9E-44D379370578}"
EndProject
Project("{FAE04EC0-301F-11D3-BF4B-00C04F79EFBC}") = "day08", "day08\day08.csproj", "{CD5D286E-69FE-4042-B7EA-923340608911}"
EndProject
Project("{FAE04EC0-301F-11D3-BF4B-00C04F79EFBC}") = "day09", "day09\day09.csproj", "{CF0491B0-B59E-409E-BA03-D158C01C897F}"
EndProject
Project("{FAE04EC0-301F-11D3-BF4B-00C04F79EFBC}") = "day10", "day10\day10.csproj", "{FD8FB37D-EFE1-4D31-9E53-5CD700DEEC7B}"
EndProject
Project("{FAE04EC0-301F-11D3-BF4B-00C04F79EFBC}") = "day11", "day11\day11.csproj", "{42181BC1-A405-41E7-B3E0-673EC665ECCE}"
EndProject
Project("{FAE04EC0-301F-11D3-BF4B-00C04F79EFBC}") = "day12", "day12\day12.csproj", "{F9C52E5E-88E0-4677-95C6-D16BE5EDA975}"
EndProject
Project("{FAE04EC0-301F-11D3-BF4B-00C04F79EFBC}") = "day13", "day13\day13.csproj", "{DB8F12A5-D739-4596-A322-C20A03595B75}"
EndProject
Global
	GlobalSection(SolutionConfigurationPlatforms) = preSolution
		Debug|Any CPU = Debug|Any CPU
		Release|Any CPU = Release|Any CPU
	EndGlobalSection
	GlobalSection(ProjectConfigurationPlatforms) = postSolution
		{06C88D3A-6795-4E88-AEC0-0D0A02BCE16B}.Debug|Any CPU.ActiveCfg = Debug|Any CPU
		{06C88D3A-6795-4E88-AEC0-0D0A02BCE16B}.Debug|Any CPU.Build.0 = Debug|Any CPU
		{06C88D3A-6795-4E88-AEC0-0D0A02BCE16B}.Release|Any CPU.ActiveCfg = Release|Any CPU
		{06C88D3A-6795-4E88-AEC0-0D0A02BCE16B}.Release|Any CPU.Build.0 = Release|Any CPU
		{92C06281-A17F-4E38-B7AE-CF5CADDDAF60}.Debug|Any CPU.ActiveCfg = Debug|Any CPU
		{92C06281-A17F-4E38-B7AE-CF5CADDDAF60}.Debug|Any CPU.Build.0 = Debug|Any CPU
		{92C06281-A17F-4E38-B7AE-CF5CADDDAF60}.Release|Any CPU.ActiveCfg = Release|Any CPU
		{92C06281-A17F-4E38-B7AE-CF5CADDDAF60}.Release|Any CPU.Build.0 = Release|Any CPU
		{DA0A122B-D81B-4D25-8733-77832FCB35C1}.Debug|Any CPU.ActiveCfg = Debug|Any CPU
		{DA0A122B-D81B-4D25-8733-77832FCB35C1}.Debug|Any CPU.Build.0 = Debug|Any CPU
		{DA0A122B-D81B-4D25-8733-77832FCB35C1}.Release|Any CPU.ActiveCfg = Release|Any CPU
		{DA0A122B-D81B-4D25-8733-77832FCB35C1}.Release|Any CPU.Build.0 = Release|Any CPU
		{9BDF091E-90CE-4A6F-9770-948456AFB504}.Debug|Any CPU.ActiveCfg = Debug|Any CPU
		{9BDF091E-90CE-4A6F-9770-948456AFB504}.Debug|Any CPU.Build.0 = Debug|Any CPU
		{9BDF091E-90CE-4A6F-9770-948456AFB504}.Release|Any CPU.ActiveCfg = Release|Any CPU
		{9BDF091E-90CE-4A6F-9770-948456AFB504}.Release|Any CPU.Build.0 = Release|Any CPU
		{2EB5AF67-965F-47BD-A3D9-430718DF3591}.Debug|Any CPU.ActiveCfg = Debug|Any CPU
		{2EB5AF67-965F-47BD-A3D9-430718DF3591}.Debug|Any CPU.Build.0 = Debug|Any CPU
		{2EB5AF67-965F-47BD-A3D9-430718DF3591}.Release|Any CPU.ActiveCfg = Release|Any CPU
		{2EB5AF67-965F-47BD-A3D9-430718DF3591}.Release|Any CPU.Build.0 = Release|Any CPU
		{5CB1BB77-6C89-40E6-8FB8-53DACAF751AE}.Debug|Any CPU.ActiveCfg = Debug|Any CPU
		{5CB1BB77-6C89-40E6-8FB8-53DACAF751AE}.Debug|Any CPU.Build.0 = Debug|Any CPU
		{5CB1BB77-6C89-40E6-8FB8-53DACAF751AE}.Release|Any CPU.ActiveCfg = Release|Any CPU
		{5CB1BB77-6C89-40E6-8FB8-53DACAF751AE}.Release|Any CPU.Build.0 = Release|Any CPU
		{8E554D08-E2DD-4471-947F-36EC47EBEA9E}.Debug|Any CPU.ActiveCfg = Debug|Any CPU
		{8E554D08-E2DD-4471-947F-36EC47EBEA9E}.Debug|Any CPU.Build.0 = Debug|Any CPU
		{8E554D08-E2DD-4471-947F-36EC47EBEA9E}.Release|Any CPU.ActiveCfg = Release|Any CPU
		{8E554D08-E2DD-4471-947F-36EC47EBEA9E}.Release|Any CPU.Build.0 = Release|Any CPU
		{E1759FBD-BB67-402E-9F9E-44D379370578}.Debug|Any CPU.ActiveCfg = Debug|Any CPU
		{E1759FBD-BB67-402E-9F9E-44D379370578}.Debug|Any CPU.Build.0 = Debug|Any CPU
		{E1759FBD-BB67-402E-9F9E-44D379370578}.Release|Any CPU.ActiveCfg = Release|Any CPU
		{E1759FBD-BB67-402E-9F9E-44D379370578}.Release|Any CPU.Build.0 = Release|Any CPU
		{CD5D286E-69FE-4042-B7EA-923340608911}.Debug|Any CPU.ActiveCfg = Debug|Any CPU
		{CD5D286E-69FE-4042-B7EA-923340608911}.Debug|Any CPU.Build.0 = Debug|Any CPU
		{CD5D286E-69FE-4042-B7EA-923340608911}.Release|Any CPU.ActiveCfg = Release|Any CPU
		{CD5D286E-69FE-4042-B7EA-923340608911}.Release|Any CPU.Build.0 = Release|Any CPU
		{CF0491B0-B59E-409E-BA03-D158C01C897F}.Debug|Any CPU.ActiveCfg = Debug|Any CPU
		{CF0491B0-B59E-409E-BA03-D158C01C897F}.Debug|Any CPU.Build.0 = Debug|Any CPU
		{CF0491B0-B59E-409E-BA03-D158C01C897F}.Release|Any CPU.ActiveCfg = Release|Any CPU
		{CF0491B0-B59E-409E-BA03-D158C01C897F}.Release|Any CPU.Build.0 = Release|Any CPU
		{FD8FB37D-EFE1-4D31-9E53-5CD700DEEC7B}.Debug|Any CPU.ActiveCfg = Debug|Any CPU
		{FD8FB37D-EFE1-4D31-9E53-5CD700DEEC7B}.Debug|Any CPU.Build.0 = Debug|Any CPU
		{FD8FB37D-EFE1-4D31-9E53-5CD700DEEC7B}.Release|Any CPU.ActiveCfg = Release|Any CPU
		{FD8FB37D-EFE1-4D31-9E53-5CD700DEEC7B}.Release|Any CPU.Build.0 = Release|Any CPU
		{42181BC1-A405-41E7-B3E0-673EC665ECCE}.Debug|Any CPU.ActiveCfg = Debug|Any CPU
		{42181BC1-A405-41E7-B3E0-673EC665ECCE}.Debug|Any CPU.Build.0 = Debug|Any CPU
		{42181BC1-A405-41E7-B3E0-673EC665ECCE}.Release|Any CPU.ActiveCfg = Release|Any CPU
		{42181BC1-A405-41E7-B3E0-673EC665ECCE}.Release|Any CPU.Build.0 = Release|Any CPU
		{F9C52E5E-88E0-4677-95C6-D16BE5EDA975}.Debug|Any CPU.ActiveCfg = Debug|Any CPU
		{F9C52E5E-88E0-4677-95C6-D16BE5EDA975}.Debug|Any CPU.Build.0 = Debug|Any CPU
		{F9C52E5E-88E0-4677-95C6-D16BE5EDA975}.Release|Any CPU.ActiveCfg = Release|Any CPU
		{F9C52E5E-88E0-4677-95C6-D16BE5EDA975}.Release|Any CPU.Build.0 = Release|Any CPU
		{DB8F12A5-D739-4596-A322-C20A03595B75}.Debug|Any CPU.ActiveCfg = Debug|Any CPU
		{DB8F12A5-D739-4596-A322-C20A03595B75}.Debug|Any CPU.Build.0 = Debug|Any CPU
		{DB8F12A5-D739-4596-A322-C20A03595B75}.Release|Any CPU.ActiveCfg = Release|Any CPU
		{DB8F12A5-D739-4596-A322-C20A03595B75}.Release|Any CPU.Build.0 = Release|Any CPU
	EndGlobalSection
	GlobalSection(SolutionProperties) = preSolution
		HideSolutionNode = FALSE
	EndGlobalSection
	GlobalSection(ExtensibilityGlobals) = postSolution
		SolutionGuid = {1C1BBAE4-DA60-4A16-B19A-72D1B6B7A70E}
	EndGlobalSection
EndGlobal
