
Microsoft Visual Studio Solution File, Format Version 12.00
# Visual Studio 15
VisualStudioVersion = 15.0.28307.168
MinimumVisualStudioVersion = 10.0.40219.1
Project("{9A19103F-16F7-4668-BE54-9A1E7A4F7556}") = "dayXX", "dayXX\dayXX.csproj", "{06C88D3A-6795-4E88-AEC0-0D0A02BCE16B}"
EndProject
Project("{FAE04EC0-301F-11D3-BF4B-00C04F79EFBC}") = "day01", "day01\day01.csproj", "{92C06281-A17F-4E38-B7AE-CF5CADDDAF60}"
EndProject
Project("{FAE04EC0-301F-11D3-BF4B-00C04F79EFBC}") = "day02", "day02\day02.csproj", "{DA0A122B-D81B-4D25-8733-77832FCB35C1}"
EndProject
Project("{FAE04EC0-301F-11D3-BF4B-00C04F79EFBC}") = "day03", "day03\day03.csproj", "{9BDF091E-90CE-4A6F-9770-948456AFB504}"
EndProject
Project("{FAE04EC0-301F-11D3-BF4B-00C04F79EFBC}") = "day04", "day04\day04.csproj", "{2EB5AF67-965F-47BD-A3D9-430718DF3591}"
EndProject
Project("{FAE04EC0-301F-11D3-BF4B-00C04F79EFBC}") = "day05", "day05\day05.csproj", "{5CB1BB77-6C89-40E6-8FB8-53DACAF751AE}"
EndProject
Project("{FAE04EC0-301F-11D3-BF4B-00C04F79EFBC}") = "day06", "day06\day06.csproj", "{8E554D08-E2DD-4471-947F-36EC47EBEA9E}"
EndProject
Project("{FAE04EC0-301F-11D3-BF4B-00C04F79EFBC}") = "day07", "day07\day07.csproj", "{E1759FBD-BB67-402E-9F9E-44D379370578}"
EndProject
Project("{FAE04EC0-301F-11D3-BF4B-00C04F79EFBC}") = "day08", "day08\day08.csproj", "{CD5D286E-69FE-4042-B7EA-923340608911}"
EndProject
Project("{FAE04EC0-301F-11D3-BF4B-00C04F79EFBC}") = "day09", "day09\day09.csproj", "{CF0491B0-B59E-409E-BA03-D158C01C897F}"
EndProject
Project("{FAE04EC0-301F-11D3-BF4B-00C04F79EFBC}") = "day10", "day10\day10.csproj", "{FD8FB37D-EFE1-4D31-9E53-5CD700DEEC7B}"
EndProject
Project("{FAE04EC0-301F-11D3-BF4B-00C04F79EFBC}") = "day11", "day11\day11.csproj", "{42181BC1-A405-41E7-B3E0-673EC665ECCE}"
EndProject
Project("{FAE04EC0-301F-11D3-BF4B-00C04F79EFBC}") = "day12", "day12\day12.csproj", "{F9C52E5E-88E0-4677-95C6-D16BE5EDA975}"
EndProject
Project("{FAE04EC0-301F-11D3-BF4B-00C04F79EFBC}") = "day13", "day13\day13.csproj", "{DB8F12A5-D739-4596-A322-C20A03595B75}"
EndProject
Project("{FAE04EC0-301F-11D3-BF4B-00C04F79EFBC}") = "day14", "day14\day14.csproj", "{9BBAF2CB-C2C1-4E84-B67D-97C40B144965}"
EndProject
Project("{FAE04EC0-301F-11D3-BF4B-00C04F79EFBC}") = "day15", "day15\day15.csproj", "{A3A5C396-1C80-4078-A8A8-6B8913B60626}"
EndProject
Project("{FAE04EC0-301F-11D3-BF4B-00C04F79EFBC}") = "day16", "day16\day16.csproj", "{47F18227-8714-448D-BA0F-C142BB4CEDA1}"
EndProject
Project("{FAE04EC0-301F-11D3-BF4B-00C04F79EFBC}") = "day17", "day17\day17.csproj", "{B00BED74-68EB-4E85-91D3-C1DF80E6ABD2}"
EndProject
Project("{FAE04EC0-301F-11D3-BF4B-00C04F79EFBC}") = "day18", "day18\day18.csproj", "{5E67A101-ABDE-4B03-920B-9647F426EDB9}"
EndProject
Project("{FAE04EC0-301F-11D3-BF4B-00C04F79EFBC}") = "day19", "day19\day19.csproj", "{E2C585E1-8369-4E9A-AAE0-E64E85DA4914}"
EndProject
Project("{FAE04EC0-301F-11D3-BF4B-00C04F79EFBC}") = "day20", "day20\day20.csproj", "{71D32BCA-672C-4A64-AA37-E065696D5193}"
EndProject
Project("{FAE04EC0-301F-11D3-BF4B-00C04F79EFBC}") = "day21", "day21\day21.csproj", "{CC2FDDD4-1567-4EA2-90DC-3D0F4686E698}"
EndProject
Project("{FAE04EC0-301F-11D3-BF4B-00C04F79EFBC}") = "day22", "day22\day22.csproj", "{F3934038-2ABD-46CA-900F-7E0FC1E2E624}"
EndProject
Project("{FAE04EC0-301F-11D3-BF4B-00C04F79EFBC}") = "day23", "day23\day23.csproj", "{835FC7E6-2712-4518-9D6D-0A6713F871C8}"
EndProject
Project("{FAE04EC0-301F-11D3-BF4B-00C04F79EFBC}") = "day24", "day24\day24.csproj", "{EC985625-C3A7-4EAE-BA74-736EAFE1275B}"
EndProject
Project("{FAE04EC0-301F-11D3-BF4B-00C04F79EFBC}") = "day25", "day25\day25.csproj", "{02335C0C-3B63-4B3F-8311-C13AE8D99271}"
EndProject
Global
	GlobalSection(SolutionConfigurationPlatforms) = preSolution
		Debug|Any CPU = Debug|Any CPU
		Release|Any CPU = Release|Any CPU
	EndGlobalSection
	GlobalSection(ProjectConfigurationPlatforms) = postSolution
		{06C88D3A-6795-4E88-AEC0-0D0A02BCE16B}.Debug|Any CPU.ActiveCfg = Debug|Any CPU
		{06C88D3A-6795-4E88-AEC0-0D0A02BCE16B}.Debug|Any CPU.Build.0 = Debug|Any CPU
		{06C88D3A-6795-4E88-AEC0-0D0A02BCE16B}.Release|Any CPU.ActiveCfg = Release|Any CPU
		{06C88D3A-6795-4E88-AEC0-0D0A02BCE16B}.Release|Any CPU.Build.0 = Release|Any CPU
		{92C06281-A17F-4E38-B7AE-CF5CADDDAF60}.Debug|Any CPU.ActiveCfg = Debug|Any CPU
		{92C06281-A17F-4E38-B7AE-CF5CADDDAF60}.Debug|Any CPU.Build.0 = Debug|Any CPU
		{92C06281-A17F-4E38-B7AE-CF5CADDDAF60}.Release|Any CPU.ActiveCfg = Release|Any CPU
		{92C06281-A17F-4E38-B7AE-CF5CADDDAF60}.Release|Any CPU.Build.0 = Release|Any CPU
		{DA0A122B-D81B-4D25-8733-77832FCB35C1}.Debug|Any CPU.ActiveCfg = Debug|Any CPU
		{DA0A122B-D81B-4D25-8733-77832FCB35C1}.Debug|Any CPU.Build.0 = Debug|Any CPU
		{DA0A122B-D81B-4D25-8733-77832FCB35C1}.Release|Any CPU.ActiveCfg = Release|Any CPU
		{DA0A122B-D81B-4D25-8733-77832FCB35C1}.Release|Any CPU.Build.0 = Release|Any CPU
		{9BDF091E-90CE-4A6F-9770-948456AFB504}.Debug|Any CPU.ActiveCfg = Debug|Any CPU
		{9BDF091E-90CE-4A6F-9770-948456AFB504}.Debug|Any CPU.Build.0 = Debug|Any CPU
		{9BDF091E-90CE-4A6F-9770-948456AFB504}.Release|Any CPU.ActiveCfg = Release|Any CPU
		{9BDF091E-90CE-4A6F-9770-948456AFB504}.Release|Any CPU.Build.0 = Release|Any CPU
		{2EB5AF67-965F-47BD-A3D9-430718DF3591}.Debug|Any CPU.ActiveCfg = Debug|Any CPU
		{2EB5AF67-965F-47BD-A3D9-430718DF3591}.Debug|Any CPU.Build.0 = Debug|Any CPU
		{2EB5AF67-965F-47BD-A3D9-430718DF3591}.Release|Any CPU.ActiveCfg = Release|Any CPU
		{2EB5AF67-965F-47BD-A3D9-430718DF3591}.Release|Any CPU.Build.0 = Release|Any CPU
		{5CB1BB77-6C89-40E6-8FB8-53DACAF751AE}.Debug|Any CPU.ActiveCfg = Debug|Any CPU
		{5CB1BB77-6C89-40E6-8FB8-53DACAF751AE}.Debug|Any CPU.Build.0 = Debug|Any CPU
		{5CB1BB77-6C89-40E6-8FB8-53DACAF751AE}.Release|Any CPU.ActiveCfg = Release|Any CPU
		{5CB1BB77-6C89-40E6-8FB8-53DACAF751AE}.Release|Any CPU.Build.0 = Release|Any CPU
		{8E554D08-E2DD-4471-947F-36EC47EBEA9E}.Debug|Any CPU.ActiveCfg = Debug|Any CPU
		{8E554D08-E2DD-4471-947F-36EC47EBEA9E}.Debug|Any CPU.Build.0 = Debug|Any CPU
		{8E554D08-E2DD-4471-947F-36EC47EBEA9E}.Release|Any CPU.ActiveCfg = Release|Any CPU
		{8E554D08-E2DD-4471-947F-36EC47EBEA9E}.Release|Any CPU.Build.0 = Release|Any CPU
		{E1759FBD-BB67-402E-9F9E-44D379370578}.Debug|Any CPU.ActiveCfg = Debug|Any CPU
		{E1759FBD-BB67-402E-9F9E-44D379370578}.Debug|Any CPU.Build.0 = Debug|Any CPU
		{E1759FBD-BB67-402E-9F9E-44D379370578}.Release|Any CPU.ActiveCfg = Release|Any CPU
		{E1759FBD-BB67-402E-9F9E-44D379370578}.Release|Any CPU.Build.0 = Release|Any CPU
		{CD5D286E-69FE-4042-B7EA-923340608911}.Debug|Any CPU.ActiveCfg = Debug|Any CPU
		{CD5D286E-69FE-4042-B7EA-923340608911}.Debug|Any CPU.Build.0 = Debug|Any CPU
		{CD5D286E-69FE-4042-B7EA-923340608911}.Release|Any CPU.ActiveCfg = Release|Any CPU
		{CD5D286E-69FE-4042-B7EA-923340608911}.Release|Any CPU.Build.0 = Release|Any CPU
		{CF0491B0-B59E-409E-BA03-D158C01C897F}.Debug|Any CPU.ActiveCfg = Debug|Any CPU
		{CF0491B0-B59E-409E-BA03-D158C01C897F}.Debug|Any CPU.Build.0 = Debug|Any CPU
		{CF0491B0-B59E-409E-BA03-D158C01C897F}.Release|Any CPU.ActiveCfg = Release|Any CPU
		{CF0491B0-B59E-409E-BA03-D158C01C897F}.Release|Any CPU.Build.0 = Release|Any CPU
		{FD8FB37D-EFE1-4D31-9E53-5CD700DEEC7B}.Debug|Any CPU.ActiveCfg = Debug|Any CPU
		{FD8FB37D-EFE1-4D31-9E53-5CD700DEEC7B}.Debug|Any CPU.Build.0 = Debug|Any CPU
		{FD8FB37D-EFE1-4D31-9E53-5CD700DEEC7B}.Release|Any CPU.ActiveCfg = Release|Any CPU
		{FD8FB37D-EFE1-4D31-9E53-5CD700DEEC7B}.Release|Any CPU.Build.0 = Release|Any CPU
		{42181BC1-A405-41E7-B3E0-673EC665ECCE}.Debug|Any CPU.ActiveCfg = Debug|Any CPU
		{42181BC1-A405-41E7-B3E0-673EC665ECCE}.Debug|Any CPU.Build.0 = Debug|Any CPU
		{42181BC1-A405-41E7-B3E0-673EC665ECCE}.Release|Any CPU.ActiveCfg = Release|Any CPU
		{42181BC1-A405-41E7-B3E0-673EC665ECCE}.Release|Any CPU.Build.0 = Release|Any CPU
		{F9C52E5E-88E0-4677-95C6-D16BE5EDA975}.Debug|Any CPU.ActiveCfg = Debug|Any CPU
		{F9C52E5E-88E0-4677-95C6-D16BE5EDA975}.Debug|Any CPU.Build.0 = Debug|Any CPU
		{F9C52E5E-88E0-4677-95C6-D16BE5EDA975}.Release|Any CPU.ActiveCfg = Release|Any CPU
		{F9C52E5E-88E0-4677-95C6-D16BE5EDA975}.Release|Any CPU.Build.0 = Release|Any CPU
		{DB8F12A5-D739-4596-A322-C20A03595B75}.Debug|Any CPU.ActiveCfg = Debug|Any CPU
		{DB8F12A5-D739-4596-A322-C20A03595B75}.Debug|Any CPU.Build.0 = Debug|Any CPU
		{DB8F12A5-D739-4596-A322-C20A03595B75}.Release|Any CPU.ActiveCfg = Release|Any CPU
		{DB8F12A5-D739-4596-A322-C20A03595B75}.Release|Any CPU.Build.0 = Release|Any CPU
		{9BBAF2CB-C2C1-4E84-B67D-97C40B144965}.Debug|Any CPU.ActiveCfg = Debug|Any CPU
		{9BBAF2CB-C2C1-4E84-B67D-97C40B144965}.Debug|Any CPU.Build.0 = Debug|Any CPU
		{9BBAF2CB-C2C1-4E84-B67D-97C40B144965}.Release|Any CPU.ActiveCfg = Release|Any CPU
		{9BBAF2CB-C2C1-4E84-B67D-97C40B144965}.Release|Any CPU.Build.0 = Release|Any CPU
		{A3A5C396-1C80-4078-A8A8-6B8913B60626}.Debug|Any CPU.ActiveCfg = Debug|Any CPU
		{A3A5C396-1C80-4078-A8A8-6B8913B60626}.Debug|Any CPU.Build.0 = Debug|Any CPU
		{A3A5C396-1C80-4078-A8A8-6B8913B60626}.Release|Any CPU.ActiveCfg = Release|Any CPU
		{A3A5C396-1C80-4078-A8A8-6B8913B60626}.Release|Any CPU.Build.0 = Release|Any CPU
		{47F18227-8714-448D-BA0F-C142BB4CEDA1}.Debug|Any CPU.ActiveCfg = Debug|Any CPU
		{47F18227-8714-448D-BA0F-C142BB4CEDA1}.Debug|Any CPU.Build.0 = Debug|Any CPU
		{47F18227-8714-448D-BA0F-C142BB4CEDA1}.Release|Any CPU.ActiveCfg = Release|Any CPU
		{47F18227-8714-448D-BA0F-C142BB4CEDA1}.Release|Any CPU.Build.0 = Release|Any CPU
		{B00BED74-68EB-4E85-91D3-C1DF80E6ABD2}.Debug|Any CPU.ActiveCfg = Debug|Any CPU
		{B00BED74-68EB-4E85-91D3-C1DF80E6ABD2}.Debug|Any CPU.Build.0 = Debug|Any CPU
		{B00BED74-68EB-4E85-91D3-C1DF80E6ABD2}.Release|Any CPU.ActiveCfg = Release|Any CPU
		{B00BED74-68EB-4E85-91D3-C1DF80E6ABD2}.Release|Any CPU.Build.0 = Release|Any CPU
		{5E67A101-ABDE-4B03-920B-9647F426EDB9}.Debug|Any CPU.ActiveCfg = Debug|Any CPU
		{5E67A101-ABDE-4B03-920B-9647F426EDB9}.Debug|Any CPU.Build.0 = Debug|Any CPU
		{5E67A101-ABDE-4B03-920B-9647F426EDB9}.Release|Any CPU.ActiveCfg = Release|Any CPU
		{5E67A101-ABDE-4B03-920B-9647F426EDB9}.Release|Any CPU.Build.0 = Release|Any CPU
		{E2C585E1-8369-4E9A-AAE0-E64E85DA4914}.Debug|Any CPU.ActiveCfg = Debug|Any CPU
		{E2C585E1-8369-4E9A-AAE0-E64E85DA4914}.Debug|Any CPU.Build.0 = Debug|Any CPU
		{E2C585E1-8369-4E9A-AAE0-E64E85DA4914}.Release|Any CPU.ActiveCfg = Release|Any CPU
		{E2C585E1-8369-4E9A-AAE0-E64E85DA4914}.Release|Any CPU.Build.0 = Release|Any CPU
		{71D32BCA-672C-4A64-AA37-E065696D5193}.Debug|Any CPU.ActiveCfg = Debug|Any CPU
		{71D32BCA-672C-4A64-AA37-E065696D5193}.Debug|Any CPU.Build.0 = Debug|Any CPU
		{71D32BCA-672C-4A64-AA37-E065696D5193}.Release|Any CPU.ActiveCfg = Release|Any CPU
		{71D32BCA-672C-4A64-AA37-E065696D5193}.Release|Any CPU.Build.0 = Release|Any CPU
		{CC2FDDD4-1567-4EA2-90DC-3D0F4686E698}.Debug|Any CPU.ActiveCfg = Debug|Any CPU
		{CC2FDDD4-1567-4EA2-90DC-3D0F4686E698}.Debug|Any CPU.Build.0 = Debug|Any CPU
		{CC2FDDD4-1567-4EA2-90DC-3D0F4686E698}.Release|Any CPU.ActiveCfg = Release|Any CPU
		{CC2FDDD4-1567-4EA2-90DC-3D0F4686E698}.Release|Any CPU.Build.0 = Release|Any CPU
		{F3934038-2ABD-46CA-900F-7E0FC1E2E624}.Debug|Any CPU.ActiveCfg = Debug|Any CPU
		{F3934038-2ABD-46CA-900F-7E0FC1E2E624}.Debug|Any CPU.Build.0 = Debug|Any CPU
		{F3934038-2ABD-46CA-900F-7E0FC1E2E624}.Release|Any CPU.ActiveCfg = Release|Any CPU
		{F3934038-2ABD-46CA-900F-7E0FC1E2E624}.Release|Any CPU.Build.0 = Release|Any CPU
		{835FC7E6-2712-4518-9D6D-0A6713F871C8}.Debug|Any CPU.ActiveCfg = Debug|Any CPU
		{835FC7E6-2712-4518-9D6D-0A6713F871C8}.Debug|Any CPU.Build.0 = Debug|Any CPU
		{835FC7E6-2712-4518-9D6D-0A6713F871C8}.Release|Any CPU.ActiveCfg = Release|Any CPU
		{835FC7E6-2712-4518-9D6D-0A6713F871C8}.Release|Any CPU.Build.0 = Release|Any CPU
		{EC985625-C3A7-4EAE-BA74-736EAFE1275B}.Debug|Any CPU.ActiveCfg = Debug|Any CPU
		{EC985625-C3A7-4EAE-BA74-736EAFE1275B}.Debug|Any CPU.Build.0 = Debug|Any CPU
		{EC985625-C3A7-4EAE-BA74-736EAFE1275B}.Release|Any CPU.ActiveCfg = Release|Any CPU
		{EC985625-C3A7-4EAE-BA74-736EAFE1275B}.Release|Any CPU.Build.0 = Release|Any CPU
		{02335C0C-3B63-4B3F-8311-C13AE8D99271}.Debug|Any CPU.ActiveCfg = Debug|Any CPU
		{02335C0C-3B63-4B3F-8311-C13AE8D99271}.Debug|Any CPU.Build.0 = Debug|Any CPU
		{02335C0C-3B63-4B3F-8311-C13AE8D99271}.Release|Any CPU.ActiveCfg = Release|Any CPU
		{02335C0C-3B63-4B3F-8311-C13AE8D99271}.Release|Any CPU.Build.0 = Release|Any CPU
	EndGlobalSection
	GlobalSection(SolutionProperties) = preSolution
		HideSolutionNode = FALSE
	EndGlobalSection
	GlobalSection(ExtensibilityGlobals) = postSolution
		SolutionGuid = {1C1BBAE4-DA60-4A16-B19A-72D1B6B7A70E}
	EndGlobalSection
EndGlobal
